
Microsoft Visual Studio Solution File, Format Version 12.00
# Visual Studio 15
VisualStudioVersion = 15.0.26730.12
MinimumVisualStudioVersion = 10.0.40219.1
Project("{FAE04EC0-301F-11D3-BF4B-00C04F79EFBC}") = "Scheduler3.0", "Scheduler3.0\Scheduler3.0.csproj", "{E77DA871-AF42-408A-9FB6-A85A94FCB8D4}"
EndProject
Global
	GlobalSection(SolutionConfigurationPlatforms) = preSolution
		Debug|Any CPU = Debug|Any CPU
		Release|Any CPU = Release|Any CPU
	EndGlobalSection
	GlobalSection(ProjectConfigurationPlatforms) = postSolution
		{E77DA871-AF42-408A-9FB6-A85A94FCB8D4}.Debug|Any CPU.ActiveCfg = Debug|Any CPU
		{E77DA871-AF42-408A-9FB6-A85A94FCB8D4}.Debug|Any CPU.Build.0 = Debug|Any CPU
		{E77DA871-AF42-408A-9FB6-A85A94FCB8D4}.Release|Any CPU.ActiveCfg = Release|Any CPU
		{E77DA871-AF42-408A-9FB6-A85A94FCB8D4}.Release|Any CPU.Build.0 = Release|Any CPU
	EndGlobalSection
	GlobalSection(SolutionProperties) = preSolution
		HideSolutionNode = FALSE
	EndGlobalSection
	GlobalSection(ExtensibilityGlobals) = postSolution
		SolutionGuid = {9354B994-EAF6-461E-8CAC-AA26F8DE4DC6}
	EndGlobalSection
EndGlobal
